// !$*UTF8*$!
{
	archiveVersion = 1;
	classes = {
	};
	objectVersion = 46;
	objects = {

/* Begin PBXBuildFile section */
		606A199C16F5E3D500168B42 /* L8Version.m in Sources */ = {isa = PBXBuildFile; fileRef = 606A199B16F5E3D500168B42 /* L8Version.m */; };
		606A199F16F5E63A00168B42 /* L8Sensor.m in Sources */ = {isa = PBXBuildFile; fileRef = 606A199E16F5E63A00168B42 /* L8Sensor.m */; };
		60C8807616F5069B004C1844 /* Foundation.framework in Frameworks */ = {isa = PBXBuildFile; fileRef = 60C8807516F5069B004C1844 /* Foundation.framework */; };
		60C8807B16F5069B004C1844 /* l8_sdk_objc.h in Copy Files */ = {isa = PBXBuildFile; fileRef = 60C8807A16F5069B004C1844 /* l8_sdk_objc.h */; };
		60C8807D16F5069B004C1844 /* l8_sdk_objc.m in Sources */ = {isa = PBXBuildFile; fileRef = 60C8807C16F5069B004C1844 /* l8_sdk_objc.m */; };
		60C8808716F508BA004C1844 /* RESTFulL8.m in Sources */ = {isa = PBXBuildFile; fileRef = 60C8808616F508BA004C1844 /* RESTFulL8.m */; };
		60C8808A16F509A3004C1844 /* USBL8.m in Sources */ = {isa = PBXBuildFile; fileRef = 60C8808916F509A3004C1844 /* USBL8.m */; };
		60C8808D16F509B0004C1844 /* BluetoothL8.m in Sources */ = {isa = PBXBuildFile; fileRef = 60C8808C16F509B0004C1844 /* BluetoothL8.m */; };
		60C8809416F50AC9004C1844 /* UIKit.framework in Frameworks */ = {isa = PBXBuildFile; fileRef = 60C8809316F50AC9004C1844 /* UIKit.framework */; };
		60C8809516F50AC9004C1844 /* Foundation.framework in Frameworks */ = {isa = PBXBuildFile; fileRef = 60C8807516F5069B004C1844 /* Foundation.framework */; };
		60C8809716F50AC9004C1844 /* CoreGraphics.framework in Frameworks */ = {isa = PBXBuildFile; fileRef = 60C8809616F50AC9004C1844 /* CoreGraphics.framework */; };
		60C8809D16F50AC9004C1844 /* InfoPlist.strings in Resources */ = {isa = PBXBuildFile; fileRef = 60C8809B16F50AC9004C1844 /* InfoPlist.strings */; };
		60C8809F16F50AC9004C1844 /* main.m in Sources */ = {isa = PBXBuildFile; fileRef = 60C8809E16F50AC9004C1844 /* main.m */; };
		60C880A316F50AC9004C1844 /* AppDelegate.m in Sources */ = {isa = PBXBuildFile; fileRef = 60C880A216F50AC9004C1844 /* AppDelegate.m */; };
		60C880A516F50AC9004C1844 /* Default.png in Resources */ = {isa = PBXBuildFile; fileRef = 60C880A416F50AC9004C1844 /* Default.png */; };
		60C880A716F50AC9004C1844 /* Default@2x.png in Resources */ = {isa = PBXBuildFile; fileRef = 60C880A616F50AC9004C1844 /* Default@2x.png */; };
		60C880A916F50AC9004C1844 /* Default-568h@2x.png in Resources */ = {isa = PBXBuildFile; fileRef = 60C880A816F50AC9004C1844 /* Default-568h@2x.png */; };
		60C880AD16F50B7B004C1844 /* libl8-sdk-objc.a in Frameworks */ = {isa = PBXBuildFile; fileRef = 60C8807216F5069B004C1844 /* libl8-sdk-objc.a */; };
		60C880C316F50FED004C1844 /* AFHTTPClient.m in Sources */ = {isa = PBXBuildFile; fileRef = 60C880B116F50FED004C1844 /* AFHTTPClient.m */; };
		60C880C416F50FED004C1844 /* AFHTTPClient.m in Sources */ = {isa = PBXBuildFile; fileRef = 60C880B116F50FED004C1844 /* AFHTTPClient.m */; };
		60C880C516F50FED004C1844 /* AFHTTPRequestOperation.m in Sources */ = {isa = PBXBuildFile; fileRef = 60C880B316F50FED004C1844 /* AFHTTPRequestOperation.m */; };
		60C880C616F50FED004C1844 /* AFHTTPRequestOperation.m in Sources */ = {isa = PBXBuildFile; fileRef = 60C880B316F50FED004C1844 /* AFHTTPRequestOperation.m */; };
		60C880C716F50FED004C1844 /* AFImageRequestOperation.m in Sources */ = {isa = PBXBuildFile; fileRef = 60C880B516F50FED004C1844 /* AFImageRequestOperation.m */; };
		60C880C816F50FED004C1844 /* AFImageRequestOperation.m in Sources */ = {isa = PBXBuildFile; fileRef = 60C880B516F50FED004C1844 /* AFImageRequestOperation.m */; };
		60C880C916F50FED004C1844 /* AFJSONRequestOperation.m in Sources */ = {isa = PBXBuildFile; fileRef = 60C880B716F50FED004C1844 /* AFJSONRequestOperation.m */; };
		60C880CA16F50FED004C1844 /* AFJSONRequestOperation.m in Sources */ = {isa = PBXBuildFile; fileRef = 60C880B716F50FED004C1844 /* AFJSONRequestOperation.m */; };
		60C880CB16F50FED004C1844 /* AFNetworkActivityIndicatorManager.m in Sources */ = {isa = PBXBuildFile; fileRef = 60C880B916F50FED004C1844 /* AFNetworkActivityIndicatorManager.m */; };
		60C880CC16F50FED004C1844 /* AFNetworkActivityIndicatorManager.m in Sources */ = {isa = PBXBuildFile; fileRef = 60C880B916F50FED004C1844 /* AFNetworkActivityIndicatorManager.m */; };
		60C880CD16F50FED004C1844 /* AFPropertyListRequestOperation.m in Sources */ = {isa = PBXBuildFile; fileRef = 60C880BC16F50FED004C1844 /* AFPropertyListRequestOperation.m */; };
		60C880CE16F50FED004C1844 /* AFPropertyListRequestOperation.m in Sources */ = {isa = PBXBuildFile; fileRef = 60C880BC16F50FED004C1844 /* AFPropertyListRequestOperation.m */; };
		60C880CF16F50FED004C1844 /* AFURLConnectionOperation.m in Sources */ = {isa = PBXBuildFile; fileRef = 60C880BE16F50FED004C1844 /* AFURLConnectionOperation.m */; };
		60C880D016F50FED004C1844 /* AFURLConnectionOperation.m in Sources */ = {isa = PBXBuildFile; fileRef = 60C880BE16F50FED004C1844 /* AFURLConnectionOperation.m */; };
		60C880D116F50FED004C1844 /* AFXMLRequestOperation.m in Sources */ = {isa = PBXBuildFile; fileRef = 60C880C016F50FED004C1844 /* AFXMLRequestOperation.m */; };
		60C880D216F50FED004C1844 /* AFXMLRequestOperation.m in Sources */ = {isa = PBXBuildFile; fileRef = 60C880C016F50FED004C1844 /* AFXMLRequestOperation.m */; };
		60C880D316F50FED004C1844 /* UIImageView+AFNetworking.m in Sources */ = {isa = PBXBuildFile; fileRef = 60C880C216F50FED004C1844 /* UIImageView+AFNetworking.m */; };
		60C880D416F50FED004C1844 /* UIImageView+AFNetworking.m in Sources */ = {isa = PBXBuildFile; fileRef = 60C880C216F50FED004C1844 /* UIImageView+AFNetworking.m */; };
		60C880D516F52A7A004C1844 /* UIKit.framework in Frameworks */ = {isa = PBXBuildFile; fileRef = 60C8809316F50AC9004C1844 /* UIKit.framework */; };
		60C880D916F537F6004C1844 /* ColorUtils.m in Sources */ = {isa = PBXBuildFile; fileRef = 60C880D816F537F6004C1844 /* ColorUtils.m */; };
		60C880DA16F537F6004C1844 /* ColorUtils.m in Sources */ = {isa = PBXBuildFile; fileRef = 60C880D816F537F6004C1844 /* ColorUtils.m */; };
/* End PBXBuildFile section */

/* Begin PBXCopyFilesBuildPhase section */
		60C8807016F5069B004C1844 /* Copy Files */ = {
			isa = PBXCopyFilesBuildPhase;
			buildActionMask = 2147483647;
			dstPath = "include/${PRODUCT_NAME}";
			dstSubfolderSpec = 16;
			files = (
				60C8807B16F5069B004C1844 /* l8_sdk_objc.h in Copy Files */,
			);
			name = "Copy Files";
			runOnlyForDeploymentPostprocessing = 0;
		};
/* End PBXCopyFilesBuildPhase section */

/* Begin PBXFileReference section */
		606A199A16F5E3D500168B42 /* L8Version.h */ = {isa = PBXFileReference; fileEncoding = 4; lastKnownFileType = sourcecode.c.h; path = L8Version.h; sourceTree = "<group>"; };
		606A199B16F5E3D500168B42 /* L8Version.m */ = {isa = PBXFileReference; fileEncoding = 4; lastKnownFileType = sourcecode.c.objc; path = L8Version.m; sourceTree = "<group>"; };
		606A199D16F5E63A00168B42 /* L8Sensor.h */ = {isa = PBXFileReference; fileEncoding = 4; lastKnownFileType = sourcecode.c.h; path = L8Sensor.h; sourceTree = "<group>"; };
		606A199E16F5E63A00168B42 /* L8Sensor.m */ = {isa = PBXFileReference; fileEncoding = 4; lastKnownFileType = sourcecode.c.objc; path = L8Sensor.m; sourceTree = "<group>"; };
		60C8807216F5069B004C1844 /* libl8-sdk-objc.a */ = {isa = PBXFileReference; explicitFileType = archive.ar; includeInIndex = 0; path = "libl8-sdk-objc.a"; sourceTree = BUILT_PRODUCTS_DIR; };
		60C8807516F5069B004C1844 /* Foundation.framework */ = {isa = PBXFileReference; lastKnownFileType = wrapper.framework; name = Foundation.framework; path = System/Library/Frameworks/Foundation.framework; sourceTree = SDKROOT; };
		60C8807916F5069B004C1844 /* l8-sdk-objc-Prefix.pch */ = {isa = PBXFileReference; lastKnownFileType = sourcecode.c.h; path = "l8-sdk-objc-Prefix.pch"; sourceTree = "<group>"; };
		60C8807A16F5069B004C1844 /* l8_sdk_objc.h */ = {isa = PBXFileReference; lastKnownFileType = sourcecode.c.h; path = l8_sdk_objc.h; sourceTree = "<group>"; };
		60C8807C16F5069B004C1844 /* l8_sdk_objc.m */ = {isa = PBXFileReference; lastKnownFileType = sourcecode.c.objc; path = l8_sdk_objc.m; sourceTree = "<group>"; };
		60C8808516F508BA004C1844 /* RESTFulL8.h */ = {isa = PBXFileReference; fileEncoding = 4; lastKnownFileType = sourcecode.c.h; path = RESTFulL8.h; sourceTree = "<group>"; };
		60C8808616F508BA004C1844 /* RESTFulL8.m */ = {isa = PBXFileReference; fileEncoding = 4; lastKnownFileType = sourcecode.c.objc; path = RESTFulL8.m; sourceTree = "<group>"; };
		60C8808816F509A3004C1844 /* USBL8.h */ = {isa = PBXFileReference; fileEncoding = 4; lastKnownFileType = sourcecode.c.h; path = USBL8.h; sourceTree = "<group>"; };
		60C8808916F509A3004C1844 /* USBL8.m */ = {isa = PBXFileReference; fileEncoding = 4; lastKnownFileType = sourcecode.c.objc; path = USBL8.m; sourceTree = "<group>"; };
		60C8808B16F509B0004C1844 /* BluetoothL8.h */ = {isa = PBXFileReference; fileEncoding = 4; lastKnownFileType = sourcecode.c.h; path = BluetoothL8.h; sourceTree = "<group>"; };
		60C8808C16F509B0004C1844 /* BluetoothL8.m */ = {isa = PBXFileReference; fileEncoding = 4; lastKnownFileType = sourcecode.c.objc; path = BluetoothL8.m; sourceTree = "<group>"; };
		60C8809216F50AC9004C1844 /* L8SDKTest.app */ = {isa = PBXFileReference; explicitFileType = wrapper.application; includeInIndex = 0; path = L8SDKTest.app; sourceTree = BUILT_PRODUCTS_DIR; };
		60C8809316F50AC9004C1844 /* UIKit.framework */ = {isa = PBXFileReference; lastKnownFileType = wrapper.framework; name = UIKit.framework; path = System/Library/Frameworks/UIKit.framework; sourceTree = SDKROOT; };
		60C8809616F50AC9004C1844 /* CoreGraphics.framework */ = {isa = PBXFileReference; lastKnownFileType = wrapper.framework; name = CoreGraphics.framework; path = System/Library/Frameworks/CoreGraphics.framework; sourceTree = SDKROOT; };
		60C8809A16F50AC9004C1844 /* L8SDKTest-Info.plist */ = {isa = PBXFileReference; lastKnownFileType = text.plist.xml; path = "L8SDKTest-Info.plist"; sourceTree = "<group>"; };
		60C8809C16F50AC9004C1844 /* en */ = {isa = PBXFileReference; lastKnownFileType = text.plist.strings; name = en; path = en.lproj/InfoPlist.strings; sourceTree = "<group>"; };
		60C8809E16F50AC9004C1844 /* main.m */ = {isa = PBXFileReference; lastKnownFileType = sourcecode.c.objc; path = main.m; sourceTree = "<group>"; };
		60C880A016F50AC9004C1844 /* L8SDKTest-Prefix.pch */ = {isa = PBXFileReference; lastKnownFileType = sourcecode.c.h; path = "L8SDKTest-Prefix.pch"; sourceTree = "<group>"; };
		60C880A116F50AC9004C1844 /* AppDelegate.h */ = {isa = PBXFileReference; lastKnownFileType = sourcecode.c.h; path = AppDelegate.h; sourceTree = "<group>"; };
		60C880A216F50AC9004C1844 /* AppDelegate.m */ = {isa = PBXFileReference; lastKnownFileType = sourcecode.c.objc; path = AppDelegate.m; sourceTree = "<group>"; };
		60C880A416F50AC9004C1844 /* Default.png */ = {isa = PBXFileReference; lastKnownFileType = image.png; path = Default.png; sourceTree = "<group>"; };
		60C880A616F50AC9004C1844 /* Default@2x.png */ = {isa = PBXFileReference; lastKnownFileType = image.png; path = "Default@2x.png"; sourceTree = "<group>"; };
		60C880A816F50AC9004C1844 /* Default-568h@2x.png */ = {isa = PBXFileReference; lastKnownFileType = image.png; path = "Default-568h@2x.png"; sourceTree = "<group>"; };
		60C880B016F50FED004C1844 /* AFHTTPClient.h */ = {isa = PBXFileReference; fileEncoding = 4; lastKnownFileType = sourcecode.c.h; path = AFHTTPClient.h; sourceTree = "<group>"; };
		60C880B116F50FED004C1844 /* AFHTTPClient.m */ = {isa = PBXFileReference; fileEncoding = 4; lastKnownFileType = sourcecode.c.objc; path = AFHTTPClient.m; sourceTree = "<group>"; };
		60C880B216F50FED004C1844 /* AFHTTPRequestOperation.h */ = {isa = PBXFileReference; fileEncoding = 4; lastKnownFileType = sourcecode.c.h; path = AFHTTPRequestOperation.h; sourceTree = "<group>"; };
		60C880B316F50FED004C1844 /* AFHTTPRequestOperation.m */ = {isa = PBXFileReference; fileEncoding = 4; lastKnownFileType = sourcecode.c.objc; path = AFHTTPRequestOperation.m; sourceTree = "<group>"; };
		60C880B416F50FED004C1844 /* AFImageRequestOperation.h */ = {isa = PBXFileReference; fileEncoding = 4; lastKnownFileType = sourcecode.c.h; path = AFImageRequestOperation.h; sourceTree = "<group>"; };
		60C880B516F50FED004C1844 /* AFImageRequestOperation.m */ = {isa = PBXFileReference; fileEncoding = 4; lastKnownFileType = sourcecode.c.objc; path = AFImageRequestOperation.m; sourceTree = "<group>"; };
		60C880B616F50FED004C1844 /* AFJSONRequestOperation.h */ = {isa = PBXFileReference; fileEncoding = 4; lastKnownFileType = sourcecode.c.h; path = AFJSONRequestOperation.h; sourceTree = "<group>"; };
		60C880B716F50FED004C1844 /* AFJSONRequestOperation.m */ = {isa = PBXFileReference; fileEncoding = 4; lastKnownFileType = sourcecode.c.objc; path = AFJSONRequestOperation.m; sourceTree = "<group>"; };
		60C880B816F50FED004C1844 /* AFNetworkActivityIndicatorManager.h */ = {isa = PBXFileReference; fileEncoding = 4; lastKnownFileType = sourcecode.c.h; path = AFNetworkActivityIndicatorManager.h; sourceTree = "<group>"; };
		60C880B916F50FED004C1844 /* AFNetworkActivityIndicatorManager.m */ = {isa = PBXFileReference; fileEncoding = 4; lastKnownFileType = sourcecode.c.objc; path = AFNetworkActivityIndicatorManager.m; sourceTree = "<group>"; };
		60C880BA16F50FED004C1844 /* AFNetworking.h */ = {isa = PBXFileReference; fileEncoding = 4; lastKnownFileType = sourcecode.c.h; path = AFNetworking.h; sourceTree = "<group>"; };
		60C880BB16F50FED004C1844 /* AFPropertyListRequestOperation.h */ = {isa = PBXFileReference; fileEncoding = 4; lastKnownFileType = sourcecode.c.h; path = AFPropertyListRequestOperation.h; sourceTree = "<group>"; };
		60C880BC16F50FED004C1844 /* AFPropertyListRequestOperation.m */ = {isa = PBXFileReference; fileEncoding = 4; lastKnownFileType = sourcecode.c.objc; path = AFPropertyListRequestOperation.m; sourceTree = "<group>"; };
		60C880BD16F50FED004C1844 /* AFURLConnectionOperation.h */ = {isa = PBXFileReference; fileEncoding = 4; lastKnownFileType = sourcecode.c.h; path = AFURLConnectionOperation.h; sourceTree = "<group>"; };
		60C880BE16F50FED004C1844 /* AFURLConnectionOperation.m */ = {isa = PBXFileReference; fileEncoding = 4; lastKnownFileType = sourcecode.c.objc; path = AFURLConnectionOperation.m; sourceTree = "<group>"; };
		60C880BF16F50FED004C1844 /* AFXMLRequestOperation.h */ = {isa = PBXFileReference; fileEncoding = 4; lastKnownFileType = sourcecode.c.h; path = AFXMLRequestOperation.h; sourceTree = "<group>"; };
		60C880C016F50FED004C1844 /* AFXMLRequestOperation.m */ = {isa = PBXFileReference; fileEncoding = 4; lastKnownFileType = sourcecode.c.objc; path = AFXMLRequestOperation.m; sourceTree = "<group>"; };
		60C880C116F50FED004C1844 /* UIImageView+AFNetworking.h */ = {isa = PBXFileReference; fileEncoding = 4; lastKnownFileType = sourcecode.c.h; path = "UIImageView+AFNetworking.h"; sourceTree = "<group>"; };
		60C880C216F50FED004C1844 /* UIImageView+AFNetworking.m */ = {isa = PBXFileReference; fileEncoding = 4; lastKnownFileType = sourcecode.c.objc; path = "UIImageView+AFNetworking.m"; sourceTree = "<group>"; };
		60C880D716F537F6004C1844 /* ColorUtils.h */ = {isa = PBXFileReference; fileEncoding = 4; lastKnownFileType = sourcecode.c.h; path = ColorUtils.h; sourceTree = "<group>"; };
		60C880D816F537F6004C1844 /* ColorUtils.m */ = {isa = PBXFileReference; fileEncoding = 4; lastKnownFileType = sourcecode.c.objc; path = ColorUtils.m; sourceTree = "<group>"; };
/* End PBXFileReference section */

/* Begin PBXFrameworksBuildPhase section */
		60C8806F16F5069B004C1844 /* Frameworks */ = {
			isa = PBXFrameworksBuildPhase;
			buildActionMask = 2147483647;
			files = (
				60C880D516F52A7A004C1844 /* UIKit.framework in Frameworks */,
				60C8807616F5069B004C1844 /* Foundation.framework in Frameworks */,
			);
			runOnlyForDeploymentPostprocessing = 0;
		};
		60C8808F16F50AC9004C1844 /* Frameworks */ = {
			isa = PBXFrameworksBuildPhase;
			buildActionMask = 2147483647;
			files = (
				60C880AD16F50B7B004C1844 /* libl8-sdk-objc.a in Frameworks */,
				60C8809416F50AC9004C1844 /* UIKit.framework in Frameworks */,
				60C8809516F50AC9004C1844 /* Foundation.framework in Frameworks */,
				60C8809716F50AC9004C1844 /* CoreGraphics.framework in Frameworks */,
			);
			runOnlyForDeploymentPostprocessing = 0;
		};
/* End PBXFrameworksBuildPhase section */

/* Begin PBXGroup section */
		60C8806916F5069B004C1844 = {
			isa = PBXGroup;
			children = (
				60C8807716F5069B004C1844 /* l8-sdk-objc */,
				60C8809816F50AC9004C1844 /* L8SDKTest */,
				60C8807416F5069B004C1844 /* Frameworks */,
				60C8807316F5069B004C1844 /* Products */,
			);
			sourceTree = "<group>";
		};
		60C8807316F5069B004C1844 /* Products */ = {
			isa = PBXGroup;
			children = (
				60C8807216F5069B004C1844 /* libl8-sdk-objc.a */,
				60C8809216F50AC9004C1844 /* L8SDKTest.app */,
			);
			name = Products;
			sourceTree = "<group>";
		};
		60C8807416F5069B004C1844 /* Frameworks */ = {
			isa = PBXGroup;
			children = (
				60C8807516F5069B004C1844 /* Foundation.framework */,
				60C8809316F50AC9004C1844 /* UIKit.framework */,
				60C8809616F50AC9004C1844 /* CoreGraphics.framework */,
			);
			name = Frameworks;
			sourceTree = "<group>";
		};
		60C8807716F5069B004C1844 /* l8-sdk-objc */ = {
			isa = PBXGroup;
			children = (
				60C880AE16F50FD1004C1844 /* Libraries */,
				60C8807816F5069B004C1844 /* Supporting Files */,
				60C8808316F50892004C1844 /* Core */,
				60C8808416F50892004C1844 /* Implementation */,
				60C8807A16F5069B004C1844 /* l8_sdk_objc.h */,
				60C8807C16F5069B004C1844 /* l8_sdk_objc.m */,
			);
			path = "l8-sdk-objc";
			sourceTree = "<group>";
		};
		60C8807816F5069B004C1844 /* Supporting Files */ = {
			isa = PBXGroup;
			children = (
				60C8807916F5069B004C1844 /* l8-sdk-objc-Prefix.pch */,
			);
			name = "Supporting Files";
			sourceTree = "<group>";
		};
		60C8808316F50892004C1844 /* Core */ = {
			isa = PBXGroup;
			children = (
				606A199A16F5E3D500168B42 /* L8Version.h */,
				606A199B16F5E3D500168B42 /* L8Version.m */,
				606A199D16F5E63A00168B42 /* L8Sensor.h */,
				606A199E16F5E63A00168B42 /* L8Sensor.m */,
			);
			path = Core;
			sourceTree = "<group>";
		};
		60C8808416F50892004C1844 /* Implementation */ = {
			isa = PBXGroup;
			children = (
				60C8808B16F509B0004C1844 /* BluetoothL8.h */,
				60C8808C16F509B0004C1844 /* BluetoothL8.m */,
				60C8808516F508BA004C1844 /* RESTFulL8.h */,
				60C8808616F508BA004C1844 /* RESTFulL8.m */,
				60C8808816F509A3004C1844 /* USBL8.h */,
				60C8808916F509A3004C1844 /* USBL8.m */,
			);
			path = Implementation;
			sourceTree = "<group>";
		};
		60C8809816F50AC9004C1844 /* L8SDKTest */ = {
			isa = PBXGroup;
			children = (
				60C8809916F50AC9004C1844 /* Supporting Files */,
				60C880A116F50AC9004C1844 /* AppDelegate.h */,
				60C880A216F50AC9004C1844 /* AppDelegate.m */,
			);
			path = L8SDKTest;
			sourceTree = "<group>";
		};
		60C8809916F50AC9004C1844 /* Supporting Files */ = {
			isa = PBXGroup;
			children = (
				60C8809A16F50AC9004C1844 /* L8SDKTest-Info.plist */,
				60C8809B16F50AC9004C1844 /* InfoPlist.strings */,
				60C8809E16F50AC9004C1844 /* main.m */,
				60C880A016F50AC9004C1844 /* L8SDKTest-Prefix.pch */,
				60C880A416F50AC9004C1844 /* Default.png */,
				60C880A616F50AC9004C1844 /* Default@2x.png */,
				60C880A816F50AC9004C1844 /* Default-568h@2x.png */,
			);
			name = "Supporting Files";
			sourceTree = "<group>";
		};
		60C880AE16F50FD1004C1844 /* Libraries */ = {
			isa = PBXGroup;
			children = (
				60C880D616F5375F004C1844 /* ColorUtils */,
				60C880AF16F50FED004C1844 /* AFNetworking */,
			);
			path = Libraries;
			sourceTree = "<group>";
		};
		60C880AF16F50FED004C1844 /* AFNetworking */ = {
			isa = PBXGroup;
			children = (
				60C880B016F50FED004C1844 /* AFHTTPClient.h */,
				60C880B116F50FED004C1844 /* AFHTTPClient.m */,
				60C880B216F50FED004C1844 /* AFHTTPRequestOperation.h */,
				60C880B316F50FED004C1844 /* AFHTTPRequestOperation.m */,
				60C880B416F50FED004C1844 /* AFImageRequestOperation.h */,
				60C880B516F50FED004C1844 /* AFImageRequestOperation.m */,
				60C880B616F50FED004C1844 /* AFJSONRequestOperation.h */,
				60C880B716F50FED004C1844 /* AFJSONRequestOperation.m */,
				60C880B816F50FED004C1844 /* AFNetworkActivityIndicatorManager.h */,
				60C880B916F50FED004C1844 /* AFNetworkActivityIndicatorManager.m */,
				60C880BA16F50FED004C1844 /* AFNetworking.h */,
				60C880BB16F50FED004C1844 /* AFPropertyListRequestOperation.h */,
				60C880BC16F50FED004C1844 /* AFPropertyListRequestOperation.m */,
				60C880BD16F50FED004C1844 /* AFURLConnectionOperation.h */,
				60C880BE16F50FED004C1844 /* AFURLConnectionOperation.m */,
				60C880BF16F50FED004C1844 /* AFXMLRequestOperation.h */,
				60C880C016F50FED004C1844 /* AFXMLRequestOperation.m */,
				60C880C116F50FED004C1844 /* UIImageView+AFNetworking.h */,
				60C880C216F50FED004C1844 /* UIImageView+AFNetworking.m */,
			);
			path = AFNetworking;
			sourceTree = "<group>";
		};
		60C880D616F5375F004C1844 /* ColorUtils */ = {
			isa = PBXGroup;
			children = (
				60C880D716F537F6004C1844 /* ColorUtils.h */,
				60C880D816F537F6004C1844 /* ColorUtils.m */,
			);
			path = ColorUtils;
			sourceTree = "<group>";
		};
/* End PBXGroup section */

/* Begin PBXNativeTarget section */
		60C8807116F5069B004C1844 /* l8-sdk-objc */ = {
			isa = PBXNativeTarget;
			buildConfigurationList = 60C8808016F5069B004C1844 /* Build configuration list for PBXNativeTarget "l8-sdk-objc" */;
			buildPhases = (
				60C8806E16F5069B004C1844 /* Sources */,
				60C8806F16F5069B004C1844 /* Frameworks */,
				60C8807016F5069B004C1844 /* Copy Files */,
			);
			buildRules = (
			);
			dependencies = (
			);
			name = "l8-sdk-objc";
			productName = "l8-sdk-objc";
			productReference = 60C8807216F5069B004C1844 /* libl8-sdk-objc.a */;
			productType = "com.apple.product-type.library.static";
		};
		60C8809116F50AC9004C1844 /* L8SDKTest */ = {
			isa = PBXNativeTarget;
			buildConfigurationList = 60C880AA16F50AC9004C1844 /* Build configuration list for PBXNativeTarget "L8SDKTest" */;
			buildPhases = (
				60C8808E16F50AC9004C1844 /* Sources */,
				60C8808F16F50AC9004C1844 /* Frameworks */,
				60C8809016F50AC9004C1844 /* Resources */,
			);
			buildRules = (
			);
			dependencies = (
			);
			name = L8SDKTest;
			productName = L8SDKTest;
			productReference = 60C8809216F50AC9004C1844 /* L8SDKTest.app */;
			productType = "com.apple.product-type.application";
		};
/* End PBXNativeTarget section */

/* Begin PBXProject section */
		60C8806A16F5069B004C1844 /* Project object */ = {
			isa = PBXProject;
			attributes = {
				LastUpgradeCheck = 0460;
				ORGANIZATIONNAME = "L8 SmartLight";
			};
			buildConfigurationList = 60C8806D16F5069B004C1844 /* Build configuration list for PBXProject "l8-sdk-objc" */;
			compatibilityVersion = "Xcode 3.2";
			developmentRegion = English;
			hasScannedForEncodings = 0;
			knownRegions = (
				en,
			);
			mainGroup = 60C8806916F5069B004C1844;
			productRefGroup = 60C8807316F5069B004C1844 /* Products */;
			projectDirPath = "";
			projectRoot = "";
			targets = (
				60C8807116F5069B004C1844 /* l8-sdk-objc */,
				60C8809116F50AC9004C1844 /* L8SDKTest */,
			);
		};
/* End PBXProject section */

/* Begin PBXResourcesBuildPhase section */
		60C8809016F50AC9004C1844 /* Resources */ = {
			isa = PBXResourcesBuildPhase;
			buildActionMask = 2147483647;
			files = (
				60C8809D16F50AC9004C1844 /* InfoPlist.strings in Resources */,
				60C880A516F50AC9004C1844 /* Default.png in Resources */,
				60C880A716F50AC9004C1844 /* Default@2x.png in Resources */,
				60C880A916F50AC9004C1844 /* Default-568h@2x.png in Resources */,
			);
			runOnlyForDeploymentPostprocessing = 0;
		};
/* End PBXResourcesBuildPhase section */

/* Begin PBXSourcesBuildPhase section */
		60C8806E16F5069B004C1844 /* Sources */ = {
			isa = PBXSourcesBuildPhase;
			buildActionMask = 2147483647;
			files = (
				60C8807D16F5069B004C1844 /* l8_sdk_objc.m in Sources */,
				60C8808716F508BA004C1844 /* RESTFulL8.m in Sources */,
				60C8808A16F509A3004C1844 /* USBL8.m in Sources */,
				60C8808D16F509B0004C1844 /* BluetoothL8.m in Sources */,
				60C880C316F50FED004C1844 /* AFHTTPClient.m in Sources */,
				60C880C516F50FED004C1844 /* AFHTTPRequestOperation.m in Sources */,
				60C880C716F50FED004C1844 /* AFImageRequestOperation.m in Sources */,
				60C880C916F50FED004C1844 /* AFJSONRequestOperation.m in Sources */,
				60C880CB16F50FED004C1844 /* AFNetworkActivityIndicatorManager.m in Sources */,
				60C880CD16F50FED004C1844 /* AFPropertyListRequestOperation.m in Sources */,
				60C880CF16F50FED004C1844 /* AFURLConnectionOperation.m in Sources */,
				60C880D116F50FED004C1844 /* AFXMLRequestOperation.m in Sources */,
				60C880D316F50FED004C1844 /* UIImageView+AFNetworking.m in Sources */,
				60C880D916F537F6004C1844 /* ColorUtils.m in Sources */,
				606A199C16F5E3D500168B42 /* L8Version.m in Sources */,
				606A199F16F5E63A00168B42 /* L8Sensor.m in Sources */,
			);
			runOnlyForDeploymentPostprocessing = 0;
		};
		60C8808E16F50AC9004C1844 /* Sources */ = {
			isa = PBXSourcesBuildPhase;
			buildActionMask = 2147483647;
			files = (
				60C8809F16F50AC9004C1844 /* main.m in Sources */,
				60C880A316F50AC9004C1844 /* AppDelegate.m in Sources */,
				60C880C416F50FED004C1844 /* AFHTTPClient.m in Sources */,
				60C880C616F50FED004C1844 /* AFHTTPRequestOperation.m in Sources */,
				60C880C816F50FED004C1844 /* AFImageRequestOperation.m in Sources */,
				60C880CA16F50FED004C1844 /* AFJSONRequestOperation.m in Sources */,
				60C880CC16F50FED004C1844 /* AFNetworkActivityIndicatorManager.m in Sources */,
				60C880CE16F50FED004C1844 /* AFPropertyListRequestOperation.m in Sources */,
				60C880D016F50FED004C1844 /* AFURLConnectionOperation.m in Sources */,
				60C880D216F50FED004C1844 /* AFXMLRequestOperation.m in Sources */,
				60C880D416F50FED004C1844 /* UIImageView+AFNetworking.m in Sources */,
				60C880DA16F537F6004C1844 /* ColorUtils.m in Sources */,
			);
			runOnlyForDeploymentPostprocessing = 0;
		};
/* End PBXSourcesBuildPhase section */

/* Begin PBXVariantGroup section */
		60C8809B16F50AC9004C1844 /* InfoPlist.strings */ = {
			isa = PBXVariantGroup;
			children = (
				60C8809C16F50AC9004C1844 /* en */,
			);
			name = InfoPlist.strings;
			sourceTree = "<group>";
		};
/* End PBXVariantGroup section */

/* Begin XCBuildConfiguration section */
		60C8807E16F5069B004C1844 /* Debug */ = {
			isa = XCBuildConfiguration;
			buildSettings = {
				ALWAYS_SEARCH_USER_PATHS = NO;
				CLANG_CXX_LANGUAGE_STANDARD = "gnu++0x";
				CLANG_CXX_LIBRARY = "libc++";
				CLANG_ENABLE_OBJC_ARC = YES;
				CLANG_WARN_CONSTANT_CONVERSION = YES;
				CLANG_WARN_EMPTY_BODY = YES;
				CLANG_WARN_ENUM_CONVERSION = YES;
				CLANG_WARN_INT_CONVERSION = YES;
				CLANG_WARN__DUPLICATE_METHOD_MATCH = YES;
				COPY_PHASE_STRIP = NO;
				GCC_C_LANGUAGE_STANDARD = gnu99;
				GCC_DYNAMIC_NO_PIC = NO;
				GCC_OPTIMIZATION_LEVEL = 0;
				GCC_PREPROCESSOR_DEFINITIONS = (
					"DEBUG=1",
					"$(inherited)",
				);
				GCC_SYMBOLS_PRIVATE_EXTERN = NO;
				GCC_WARN_ABOUT_RETURN_TYPE = YES;
				GCC_WARN_UNINITIALIZED_AUTOS = YES;
				GCC_WARN_UNUSED_VARIABLE = YES;
				IPHONEOS_DEPLOYMENT_TARGET = 6.1;
				ONLY_ACTIVE_ARCH = YES;
				SDKROOT = iphoneos;
			};
			name = Debug;
		};
		60C8807F16F5069B004C1844 /* Release */ = {
			isa = XCBuildConfiguration;
			buildSettings = {
				ALWAYS_SEARCH_USER_PATHS = NO;
				CLANG_CXX_LANGUAGE_STANDARD = "gnu++0x";
				CLANG_CXX_LIBRARY = "libc++";
				CLANG_ENABLE_OBJC_ARC = YES;
				CLANG_WARN_CONSTANT_CONVERSION = YES;
				CLANG_WARN_EMPTY_BODY = YES;
				CLANG_WARN_ENUM_CONVERSION = YES;
				CLANG_WARN_INT_CONVERSION = YES;
				CLANG_WARN__DUPLICATE_METHOD_MATCH = YES;
				COPY_PHASE_STRIP = YES;
				GCC_C_LANGUAGE_STANDARD = gnu99;
				GCC_WARN_ABOUT_RETURN_TYPE = YES;
				GCC_WARN_UNINITIALIZED_AUTOS = YES;
				GCC_WARN_UNUSED_VARIABLE = YES;
				IPHONEOS_DEPLOYMENT_TARGET = 6.1;
				SDKROOT = iphoneos;
				VALIDATE_PRODUCT = YES;
			};
			name = Release;
		};
		60C8808116F5069B004C1844 /* Debug */ = {
			isa = XCBuildConfiguration;
			buildSettings = {
				DSTROOT = /tmp/l8_sdk_objc.dst;
				GCC_PRECOMPILE_PREFIX_HEADER = YES;
				GCC_PREFIX_HEADER = "l8-sdk-objc/l8-sdk-objc-Prefix.pch";
				OTHER_LDFLAGS = "-ObjC";
				PRODUCT_NAME = "$(TARGET_NAME)";
				SKIP_INSTALL = YES;
			};
			name = Debug;
		};
		60C8808216F5069B004C1844 /* Release */ = {
			isa = XCBuildConfiguration;
			buildSettings = {
				DSTROOT = /tmp/l8_sdk_objc.dst;
				GCC_PRECOMPILE_PREFIX_HEADER = YES;
				GCC_PREFIX_HEADER = "l8-sdk-objc/l8-sdk-objc-Prefix.pch";
				OTHER_LDFLAGS = "-ObjC";
				PRODUCT_NAME = "$(TARGET_NAME)";
				SKIP_INSTALL = YES;
			};
			name = Release;
		};
		60C880AB16F50AC9004C1844 /* Debug */ = {
			isa = XCBuildConfiguration;
			buildSettings = {
				"CODE_SIGN_IDENTITY[sdk=iphoneos*]" = "iPhone Developer";
				GCC_PRECOMPILE_PREFIX_HEADER = YES;
				GCC_PREFIX_HEADER = "L8SDKTest/L8SDKTest-Prefix.pch";
				INFOPLIST_FILE = "L8SDKTest/L8SDKTest-Info.plist";
				PRODUCT_NAME = "$(TARGET_NAME)";
				TARGETED_DEVICE_FAMILY = "1,2";
				WRAPPER_EXTENSION = app;
			};
			name = Debug;
		};
		60C880AC16F50AC9004C1844 /* Release */ = {
			isa = XCBuildConfiguration;
			buildSettings = {
				"CODE_SIGN_IDENTITY[sdk=iphoneos*]" = "iPhone Developer";
				GCC_PRECOMPILE_PREFIX_HEADER = YES;
				GCC_PREFIX_HEADER = "L8SDKTest/L8SDKTest-Prefix.pch";
				INFOPLIST_FILE = "L8SDKTest/L8SDKTest-Info.plist";
				OTHER_CFLAGS = "-DNS_BLOCK_ASSERTIONS=1";
				PRODUCT_NAME = "$(TARGET_NAME)";
				TARGETED_DEVICE_FAMILY = "1,2";
				WRAPPER_EXTENSION = app;
			};
			name = Release;
		};
/* End XCBuildConfiguration section */

/* Begin XCConfigurationList section */
		60C8806D16F5069B004C1844 /* Build configuration list for PBXProject "l8-sdk-objc" */ = {
			isa = XCConfigurationList;
			buildConfigurations = (
				60C8807E16F5069B004C1844 /* Debug */,
				60C8807F16F5069B004C1844 /* Release */,
			);
			defaultConfigurationIsVisible = 0;
			defaultConfigurationName = Release;
		};
		60C8808016F5069B004C1844 /* Build configuration list for PBXNativeTarget "l8-sdk-objc" */ = {
			isa = XCConfigurationList;
			buildConfigurations = (
				60C8808116F5069B004C1844 /* Debug */,
				60C8808216F5069B004C1844 /* Release */,
			);
			defaultConfigurationIsVisible = 0;
			defaultConfigurationName = Release;
		};
		60C880AA16F50AC9004C1844 /* Build configuration list for PBXNativeTarget "L8SDKTest" */ = {
			isa = XCConfigurationList;
			buildConfigurations = (
				60C880AB16F50AC9004C1844 /* Debug */,
				60C880AC16F50AC9004C1844 /* Release */,
			);
			defaultConfigurationIsVisible = 0;
			defaultConfigurationName = Release;
		};
/* End XCConfigurationList section */
	};
	rootObject = 60C8806A16F5069B004C1844 /* Project object */;
}
